<?xml version="1.0" encoding="utf-8"?>
<Project ToolsVersion="4.0" xmlns="http://schemas.microsoft.com/developer/msbuild/2003">
  <ItemGroup>
    <Filter Include="Source Files">
      <UniqueIdentifier>{4FC737F1-C7A5-4376-A066-2A32D752A2FF}</UniqueIdentifier>
      <Extensions>cpp;c;cc;cxx;def;odl;idl;hpj;bat;asm;asmx</Extensions>
    </Filter>
    <Filter Include="Header Files">
      <UniqueIdentifier>{93995380-89BD-4b04-88EB-625FBE52EBFB}</UniqueIdentifier>
      <Extensions>h;hpp;hxx;hm;inl;inc;xsd</Extensions>
    </Filter>
    <Filter Include="Header Files\Input">
      <UniqueIdentifier>{443f136a-83d1-42b1-990d-59cea3f3ac94}</UniqueIdentifier>
    </Filter>
    <Filter Include="Header Files\Gamepad">
      <UniqueIdentifier>{f28aa084-0fbf-4bf1-bae9-2e9bf843b80b}</UniqueIdentifier>
    </Filter>
    <Filter Include="Header Files\Object">
      <UniqueIdentifier>{1de69191-5366-4e60-8c38-2aa182232c69}</UniqueIdentifier>
    </Filter>
    <Filter Include="Header Files\Object\GameObject">
      <UniqueIdentifier>{b253e355-3883-4f9d-83ba-44a267873122}</UniqueIdentifier>
    </Filter>
    <Filter Include="Header Files\Object\Component">
      <UniqueIdentifier>{38e395ad-fc7d-4b4e-a672-3196593e6821}</UniqueIdentifier>
    </Filter>
    <Filter Include="Header Files\Object\Component\Components">
      <UniqueIdentifier>{89be742f-064b-4aaa-b8f5-2d3eb63890a8}</UniqueIdentifier>
    </Filter>
    <Filter Include="Header Files\Share">
      <UniqueIdentifier>{5ec2cd8b-b226-400a-9811-8a347ed30381}</UniqueIdentifier>
    </Filter>
    <Filter Include="Header Files\Scene">
      <UniqueIdentifier>{f4ececc1-6b34-4f1d-bd44-e91bf2eb2b82}</UniqueIdentifier>
    </Filter>
    <Filter Include="Header Files\Scene\SceneManager">
      <UniqueIdentifier>{6ad032d3-af8a-4cd5-b8ed-dcff7d5d22c7}</UniqueIdentifier>
    </Filter>
    <Filter Include="Header Files\Scene\SceneCategory">
      <UniqueIdentifier>{298142b7-a03b-4c1a-a766-36d7dc434c32}</UniqueIdentifier>
    </Filter>
    <Filter Include="Header Files\Scene\SceneCategory\GameMain">
      <UniqueIdentifier>{7088d6a3-93f1-48b9-851b-937d6001b060}</UniqueIdentifier>
    </Filter>
    <Filter Include="Header Files\Scene\SceneCategory\Result">
      <UniqueIdentifier>{0c5c2d4d-2d2f-4fb4-b3aa-8d99e92b2236}</UniqueIdentifier>
    </Filter>
    <Filter Include="Header Files\Scene\SceneCategory\Select">
      <UniqueIdentifier>{561bde19-682c-4550-b721-7edc167db5f4}</UniqueIdentifier>
    </Filter>
    <Filter Include="Header Files\Scene\SceneCategory\Title">
      <UniqueIdentifier>{6e602641-58ba-4768-9ceb-9c16c2f7084d}</UniqueIdentifier>
    </Filter>
    <Filter Include="Header Files\Object\GameObject\Camera">
      <UniqueIdentifier>{f854cea7-fcef-4982-a7da-29515b53257d}</UniqueIdentifier>
    </Filter>
    <Filter Include="Header Files\Object\GameObject\SignPost">
      <UniqueIdentifier>{9ffb95af-c8a1-4501-9338-fc01a24939df}</UniqueIdentifier>
    </Filter>
    <Filter Include="Ui">
      <UniqueIdentifier>{a9f5e73a-b810-47ae-9e11-83796b7098dd}</UniqueIdentifier>
    </Filter>
    <Filter Include="Ui\UIs">
      <UniqueIdentifier>{17acc9c4-6082-4574-930e-5a36836d75cc}</UniqueIdentifier>
    </Filter>
    <Filter Include="Ui\UIPlate">
      <UniqueIdentifier>{aeb1b58b-cc26-4978-b074-4418d9a9bd97}</UniqueIdentifier>
    </Filter>
    <Filter Include="Ui\UIManager">
      <UniqueIdentifier>{ac5673b2-ae2d-4e27-bdf8-d636ed11cc49}</UniqueIdentifier>
    </Filter>
    <Filter Include="Ui\Types">
      <UniqueIdentifier>{19f75404-66e7-4c64-bed5-3190fc7cda0d}</UniqueIdentifier>
    </Filter>
    <Filter Include="Ui\myLib">
      <UniqueIdentifier>{40454a83-24e5-42b1-bdbd-473ba393a302}</UniqueIdentifier>
    </Filter>
    <Filter Include="Header Files\Object\Component\Components\Color">
      <UniqueIdentifier>{fcd183f6-995e-425e-ae4d-e006e5dd80d2}</UniqueIdentifier>
    </Filter>
    <Filter Include="Header Files\Object\Component\Components\Transform">
      <UniqueIdentifier>{707b16bd-d5bd-4e7d-ac20-eb9381170bb7}</UniqueIdentifier>
    </Filter>
    <Filter Include="Header Files\Object\Component\Components\Material">
      <UniqueIdentifier>{81f797d5-3f8a-46c3-9ef7-466b2779803c}</UniqueIdentifier>
    </Filter>
    <Filter Include="Header Files\Object\GameObject\CharaBase">
      <UniqueIdentifier>{442a3d48-ae6d-46f1-b260-fb698cf8e2b2}</UniqueIdentifier>
    </Filter>
    <Filter Include="Header Files\Object\GameObject\CharaBase\Player">
      <UniqueIdentifier>{11c1b01f-64be-44f3-b65d-5da24554a1b9}</UniqueIdentifier>
    </Filter>
    <Filter Include="Header Files\Input\LeapMotion">
      <UniqueIdentifier>{7af33fb5-4a38-4341-8aed-3ff124154ea0}</UniqueIdentifier>
    </Filter>
    <Filter Include="Header Files\Share\Easing">
      <UniqueIdentifier>{ad3badd0-de1d-4888-95d5-bc2bfeb7dd18}</UniqueIdentifier>
    </Filter>
    <Filter Include="Header Files\Object\GameObject\CharaBase\Enemy">
      <UniqueIdentifier>{820fa3cf-879f-4434-8ec5-5f1bcec1b4c0}</UniqueIdentifier>
    </Filter>
    <Filter Include="Header Files\Share\Interface">
      <UniqueIdentifier>{e364c11d-f204-4ebe-8b0e-8aaebbbb6c6e}</UniqueIdentifier>
    </Filter>
    <Filter Include="Header Files\Object\GameObject\CharaBase\Enemy\EnemyHolder">
      <UniqueIdentifier>{8c7c9bc3-ed0d-4ae3-b863-fc663623c838}</UniqueIdentifier>
    </Filter>
    <Filter Include="Header Files\Object\GameObject\CharaBase\Enemy\EnemyAI">
      <UniqueIdentifier>{56c2a7bb-4d16-47cb-ae71-eae800784ef2}</UniqueIdentifier>
    </Filter>
    <Filter Include="Header Files\Object\GameObject\Obstacle">
      <UniqueIdentifier>{7da5ce5d-f2bb-4ba6-b691-c70dfbaf2fdf}</UniqueIdentifier>
    </Filter>
    <Filter Include="Header Files\Object\GameObject\Light">
      <UniqueIdentifier>{216a7c27-5384-4a4f-b9e6-eb08fac34ea1}</UniqueIdentifier>
    </Filter>
    <Filter Include="Header Files\TaskManager">
      <UniqueIdentifier>{3bfe8aa6-f90d-4eed-ad99-49100d59057c}</UniqueIdentifier>
    </Filter>
    <Filter Include="Header Files\Object\Component\Components\Texture">
      <UniqueIdentifier>{2e6c9dc1-9158-48c5-ae63-6a0cf79dc7a1}</UniqueIdentifier>
    </Filter>
    <Filter Include="Header Files\Object\GameObject\Skydome">
      <UniqueIdentifier>{5a168fd9-c777-4ab4-98f5-ad97044a5bfb}</UniqueIdentifier>
    </Filter>
    <Filter Include="Header Files\Object\GameObject\Boss">
      <UniqueIdentifier>{4144f716-b05a-4563-a623-da6f720ee3d2}</UniqueIdentifier>
    </Filter>
    <Filter Include="Header Files\Object\GameObject\Boss\Bullet">
      <UniqueIdentifier>{03f63661-5eb9-4a34-a8a6-af8ede8422a0}</UniqueIdentifier>
    </Filter>
    <Filter Include="Header Files\Object\GameObject\Obstacle\Particle">
      <UniqueIdentifier>{fd0dd868-4456-40cc-87d0-8f734100c465}</UniqueIdentifier>
    </Filter>
  </ItemGroup>
  <ItemGroup>
    <ClCompile Include="..\src\MainApp.cpp">
      <Filter>Source Files</Filter>
    </ClCompile>
    <ClCompile Include="..\src\Object\Object.cpp">
      <Filter>Header Files\Object</Filter>
    </ClCompile>
    <ClCompile Include="..\src\Object\Component\Component.cpp">
      <Filter>Header Files\Object\Component</Filter>
    </ClCompile>
    <ClCompile Include="..\src\Object\GameObject\GameObject.cpp">
      <Filter>Header Files\Object\GameObject</Filter>
    </ClCompile>
    <ClCompile Include="..\src\Object\GameObject\GameObjectEntities.cpp">
      <Filter>Header Files\Object\GameObject</Filter>
    </ClCompile>
    <ClCompile Include="..\src\Input\InputEvent.cpp">
      <Filter>Header Files\Input</Filter>
    </ClCompile>
    <ClCompile Include="..\src\Scene\SceneManager\CreateScene.cpp">
      <Filter>Header Files\Scene\SceneManager</Filter>
    </ClCompile>
    <ClCompile Include="..\src\Scene\SceneCategory\Title.cpp">
      <Filter>Header Files\Scene\SceneCategory\Title</Filter>
    </ClCompile>
    <ClCompile Include="..\src\Scene\SceneCategory\GameMain.cpp">
      <Filter>Header Files\Scene\SceneCategory\GameMain</Filter>
    </ClCompile>
    <ClCompile Include="..\src\Scene\SceneCategory\Result.cpp">
      <Filter>Header Files\Scene\SceneCategory\Result</Filter>
    </ClCompile>
    <ClCompile Include="..\src\Scene\SceneCategory\Select.cpp">
      <Filter>Header Files\Scene\SceneCategory\Select</Filter>
    </ClCompile>
    <ClCompile Include="..\src\Object\GameObject\SignPost\SignPostManager.cpp">
      <Filter>Header Files\Object\GameObject\SignPost</Filter>
    </ClCompile>
    <ClCompile Include="..\src\Object\GameObject\SignPost\SignPost.cpp">
      <Filter>Header Files\Object\GameObject\SignPost</Filter>
    </ClCompile>
    <ClCompile Include="..\src\UI\UIBase.cpp">
      <Filter>Ui</Filter>
    </ClCompile>
    <ClCompile Include="..\src\UI\UIs\GaugeUI\GaugeUI.cpp">
      <Filter>Ui\UIs</Filter>
    </ClCompile>
    <ClCompile Include="..\src\UI\UIs\FontUI\FontUI.cpp">
      <Filter>Ui\UIs</Filter>
    </ClCompile>
    <ClCompile Include="..\src\UI\UIs\CollisionUI\CollisionUI.cpp">
      <Filter>Ui\UIs</Filter>
    </ClCompile>
    <ClCompile Include="..\src\UI\UIPlate\UIPlate.cpp">
      <Filter>Ui\UIPlate</Filter>
    </ClCompile>
    <ClCompile Include="..\src\UI\UIManager\UIManager.cpp">
      <Filter>Ui\UIManager</Filter>
    </ClCompile>
    <ClCompile Include="..\src\UI\Types\UIType.cpp">
      <Filter>Ui\Types</Filter>
    </ClCompile>
    <ClCompile Include="..\src\UI\Types\UIObjects.cpp">
      <Filter>Ui\Types</Filter>
    </ClCompile>
    <ClCompile Include="..\src\Object\Component\Components\Transform.cpp">
      <Filter>Header Files\Object\Component\Components\Transform</Filter>
    </ClCompile>
    <ClCompile Include="..\src\Object\GameObject\CharaBase\CharaBase.cpp">
      <Filter>Header Files\Object\GameObject\CharaBase</Filter>
    </ClCompile>
    <ClCompile Include="..\src\Object\GameObject\CharaBase\Player\Player.cpp">
      <Filter>Header Files\Object\GameObject\CharaBase\Player</Filter>
    </ClCompile>
    <ClCompile Include="..\src\Input\LeapMotion\LeapHands\LeapHands.cpp">
      <Filter>Header Files\Input\LeapMotion</Filter>
    </ClCompile>
    <ClCompile Include="..\src\Input\LeapMotion\Cinder-LeapMotion.cpp">
      <Filter>Header Files\Input\LeapMotion</Filter>
    </ClCompile>
    <ClCompile Include="..\src\Share\Easing\Easing.cpp">
      <Filter>Header Files\Share\Easing</Filter>
    </ClCompile>
    <ClCompile Include="..\src\UI\Types\EasingType.cpp">
      <Filter>Ui\Types</Filter>
    </ClCompile>
    <ClCompile Include="..\src\UI\Types\UIState.cpp">
      <Filter>Ui\Types</Filter>
    </ClCompile>
    <ClCompile Include="..\src\Object\GameObject\CharaBase\Enemy\Enemy.cpp">
      <Filter>Header Files\Object\GameObject\CharaBase\Enemy</Filter>
    </ClCompile>
    <ClCompile Include="..\src\Object\GameObject\Camera\Camera.cpp">
      <Filter>Header Files\Object\GameObject\Camera</Filter>
    </ClCompile>
    <ClCompile Include="..\src\Object\GameObject\CharaBase\Enemy\EnemyAI\EnemyAIBase.cpp">
      <Filter>Header Files\Object\GameObject\CharaBase\Enemy\EnemyAI</Filter>
    </ClCompile>
    <ClCompile Include="..\src\Object\GameObject\CharaBase\Enemy\EnemyAI\EnemyAI.cpp">
      <Filter>Header Files\Object\GameObject\CharaBase\Enemy\EnemyAI</Filter>
    </ClCompile>
    <ClCompile Include="..\src\Object\GameObject\CharaBase\Enemy\EnemyHolder\EnemyHolder.cpp">
      <Filter>Header Files\Object\GameObject\CharaBase\Enemy\EnemyHolder</Filter>
    </ClCompile>
    <ClCompile Include="..\src\Object\GameObject\Obstacle\Obstacle.cpp">
      <Filter>Header Files\Object\GameObject\Obstacle</Filter>
    </ClCompile>
    <ClCompile Include="..\src\Object\GameObject\Obstacle\ObstacleManager.cpp">
      <Filter>Header Files\Object\GameObject\Obstacle</Filter>
    </ClCompile>
    <ClCompile Include="..\src\Object\GameObject\Light\Light.cpp">
      <Filter>Header Files\Object\GameObject\Light</Filter>
    </ClCompile>
    <ClCompile Include="..\src\Object\GameObject\Obstacle\ObstaclePopArea.cpp">
      <Filter>Header Files\Object\GameObject\Obstacle</Filter>
    </ClCompile>
    <ClCompile Include="..\src\Object\GameObject\Skydome\Skydome.cpp">
      <Filter>Header Files\Object\GameObject\Skydome</Filter>
    </ClCompile>
    <ClCompile Include="..\src\Object\GameObject\Boss\Boss.cpp">
      <Filter>Header Files\Object\GameObject\Boss</Filter>
    </ClCompile>
    <ClCompile Include="..\src\Object\GameObject\Boss\Bullet\Bullet.cpp">
      <Filter>Header Files\Object\GameObject\Boss\Bullet</Filter>
    </ClCompile>
    <ClCompile Include="..\src\Share\Share.cpp">
      <Filter>Header Files\Share</Filter>
    </ClCompile>
    <ClCompile Include="..\src\Object\GameObject\Obstacle\Particle\Particle.cpp">
      <Filter>Header Files\Object\GameObject\Obstacle\Particle</Filter>
    </ClCompile>
    <ClCompile Include="..\src\UI\UIs\DecrementTimeUI\DecrementTimeUI.cpp">
      <Filter>Ui\UIs</Filter>
    </ClCompile>
    <ClCompile Include="..\src\UI\UIs\IncrementTimeUI\IncrementTimeUI.cpp">
      <Filter>Ui\UIs</Filter>
    </ClCompile>
  </ItemGroup>
  <ItemGroup>
    <ClInclude Include="..\src\Input\InputEvent.h">
      <Filter>Header Files\Input</Filter>
    </ClInclude>
    <ClInclude Include="..\src\Input\Gamepad\Gamepad.h">
      <Filter>Header Files\Gamepad</Filter>
    </ClInclude>
    <ClInclude Include="..\src\Object\Object.h">
      <Filter>Header Files\Object</Filter>
    </ClInclude>
    <ClInclude Include="..\src\Object\Component\Component.h">
      <Filter>Header Files\Object\Component</Filter>
    </ClInclude>
    <ClInclude Include="..\src\Object\GameObject\GameObject.h">
      <Filter>Header Files\Object\GameObject</Filter>
    </ClInclude>
    <ClInclude Include="..\src\Object\GameObject\GameObjectEntities.h">
      <Filter>Header Files\Object\GameObject</Filter>
    </ClInclude>
    <ClInclude Include="..\src\Scene\SceneManager\CreateScene.h">
      <Filter>Header Files\Scene\SceneManager</Filter>
    </ClInclude>
    <ClInclude Include="..\src\Scene\SceneManager\SceneBase.h">
      <Filter>Header Files\Scene\SceneManager</Filter>
    </ClInclude>
    <ClInclude Include="..\src\Scene\SceneManager\SceneManager.h">
      <Filter>Header Files\Scene\SceneManager</Filter>
    </ClInclude>
    <ClInclude Include="..\src\Scene\SceneCategory\GameMain.h">
      <Filter>Header Files\Scene\SceneCategory\GameMain</Filter>
    </ClInclude>
    <ClInclude Include="..\src\Scene\SceneCategory\Result.h">
      <Filter>Header Files\Scene\SceneCategory\Result</Filter>
    </ClInclude>
    <ClInclude Include="..\src\Scene\SceneCategory\Select.h">
      <Filter>Header Files\Scene\SceneCategory\Select</Filter>
    </ClInclude>
    <ClInclude Include="..\src\Scene\SceneCategory\Title.h">
      <Filter>Header Files\Scene\SceneCategory\Title</Filter>
    </ClInclude>
    <ClInclude Include="..\src\SampleObject.h">
      <Filter>Header Files</Filter>
    </ClInclude>
    <ClInclude Include="..\src\Share\FrameTimer.h">
      <Filter>Header Files\Share</Filter>
    </ClInclude>
    <ClInclude Include="..\src\Object\GameObject\SignPost\SignPost.h">
      <Filter>Header Files\Object\GameObject\SignPost</Filter>
    </ClInclude>
    <ClInclude Include="..\src\Object\GameObject\SignPost\SignPostManager.h">
      <Filter>Header Files\Object\GameObject\SignPost</Filter>
    </ClInclude>
    <ClInclude Include="..\src\UI\picojson.h">
      <Filter>Ui</Filter>
    </ClInclude>
    <ClInclude Include="..\src\UI\UIBase.h">
      <Filter>Ui</Filter>
    </ClInclude>
    <ClInclude Include="..\src\UI\UIs\GaugeUI\GaugeUI.h">
      <Filter>Ui\UIs</Filter>
    </ClInclude>
    <ClInclude Include="..\src\UI\UIs\FontUI\FontUI.h">
      <Filter>Ui\UIs</Filter>
    </ClInclude>
    <ClInclude Include="..\src\UI\UIs\CollisionUI\CollisionUI.h">
      <Filter>Ui\UIs</Filter>
    </ClInclude>
    <ClInclude Include="..\src\UI\UIPlate\UIPlate.h">
      <Filter>Ui\UIPlate</Filter>
    </ClInclude>
    <ClInclude Include="..\src\UI\UIManager\UIManager.h">
      <Filter>Ui\UIManager</Filter>
    </ClInclude>
    <ClInclude Include="..\src\UI\Types\UIObjects.h">
      <Filter>Ui\Types</Filter>
    </ClInclude>
    <ClInclude Include="..\src\UI\Types\UIType.h">
      <Filter>Ui\Types</Filter>
    </ClInclude>
    <ClInclude Include="..\src\UI\myLib\DesLib.h">
      <Filter>Ui\myLib</Filter>
    </ClInclude>
    <ClInclude Include="..\src\Object\Component\Components\Color.h">
      <Filter>Header Files\Object\Component\Components\Color</Filter>
    </ClInclude>
    <ClInclude Include="..\src\Object\Component\Components\Transform.h">
      <Filter>Header Files\Object\Component\Components\Transform</Filter>
    </ClInclude>
    <ClInclude Include="..\src\Object\Component\Components\Material.h">
      <Filter>Header Files\Object\Component\Components\Material</Filter>
    </ClInclude>
    <ClInclude Include="..\src\Object\GameObject\CharaBase\CharaBase.h">
      <Filter>Header Files\Object\GameObject\CharaBase</Filter>
    </ClInclude>
    <ClInclude Include="..\src\Object\GameObject\CharaBase\Player\Player.h">
      <Filter>Header Files\Object\GameObject\CharaBase\Player</Filter>
    </ClInclude>
    <ClInclude Include="..\src\Input\LeapMotion\LeapMath.h">
      <Filter>Header Files\Input\LeapMotion</Filter>
    </ClInclude>
    <ClInclude Include="..\src\Input\LeapMotion\LeapHands\LeapHands.h">
      <Filter>Header Files\Input\LeapMotion</Filter>
    </ClInclude>
    <ClInclude Include="..\src\Input\LeapMotion\Leap.h">
      <Filter>Header Files\Input\LeapMotion</Filter>
    </ClInclude>
    <ClInclude Include="..\src\Input\LeapMotion\Cinder-LeapMotion.h">
      <Filter>Header Files\Input\LeapMotion</Filter>
    </ClInclude>
    <ClInclude Include="..\src\Share\Time.h">
      <Filter>Header Files\Share</Filter>
    </ClInclude>
    <ClInclude Include="..\src\Share\Easing\Easing.h">
      <Filter>Header Files\Share\Easing</Filter>
    </ClInclude>
    <ClInclude Include="..\src\UI\Types\EasingType.h">
      <Filter>Ui\Types</Filter>
    </ClInclude>
    <ClInclude Include="..\src\UI\Types\UIState.h">
      <Filter>Ui\Types</Filter>
    </ClInclude>
    <ClInclude Include="..\src\Object\GameObject\CharaBase\Enemy\Enemy.h">
      <Filter>Header Files\Object\GameObject\CharaBase\Enemy</Filter>
    </ClInclude>
    <ClInclude Include="..\src\Object\GameObject\Camera\Camera.h">
      <Filter>Header Files\Object\GameObject\Camera</Filter>
    </ClInclude>
    <ClInclude Include="..\src\Share\Interface\Interface.h">
      <Filter>Header Files\Share\Interface</Filter>
    </ClInclude>
    <ClInclude Include="..\src\Object\GameObject\CharaBase\Enemy\EnemyAI\EnemyAIBase.h">
      <Filter>Header Files\Object\GameObject\CharaBase\Enemy\EnemyAI</Filter>
    </ClInclude>
    <ClInclude Include="..\src\Object\GameObject\CharaBase\Enemy\EnemyAI\EnemyAI.h">
      <Filter>Header Files\Object\GameObject\CharaBase\Enemy\EnemyAI</Filter>
    </ClInclude>
    <ClInclude Include="..\src\Object\GameObject\CharaBase\Enemy\EnemyHolder\EnemyHolder.h">
      <Filter>Header Files\Object\GameObject\CharaBase\Enemy\EnemyHolder</Filter>
    </ClInclude>
    <ClInclude Include="..\src\Object\GameObject\Obstacle\Obstacle.h">
      <Filter>Header Files\Object\GameObject\Obstacle</Filter>
    </ClInclude>
    <ClInclude Include="..\src\Object\GameObject\Obstacle\ObstacleManager.h">
      <Filter>Header Files\Object\GameObject\Obstacle</Filter>
    </ClInclude>
    <ClInclude Include="..\src\Object\GameObject\Obstacle\ObstaclePopArea.h">
      <Filter>Header Files\Object\GameObject\Obstacle</Filter>
    </ClInclude>
    <ClInclude Include="..\src\Object\GameObject\Light\Light.h">
      <Filter>Header Files\Object\GameObject\Light</Filter>
    </ClInclude>
    <ClInclude Include="..\src\TaskManager\TextureManager.h">
      <Filter>Header Files\TaskManager</Filter>
    </ClInclude>
    <ClInclude Include="..\src\TaskManager\SoundManager.h">
      <Filter>Header Files\TaskManager</Filter>
    </ClInclude>
    <ClInclude Include="..\src\TaskManager\ObjDataManager.h">
      <Filter>Header Files\TaskManager</Filter>
    </ClInclude>
    <ClInclude Include="..\src\Object\Component\Components\Texture.h">
      <Filter>Header Files\Object\Component\Components\Texture</Filter>
    </ClInclude>
    <ClInclude Include="..\src\Object\GameObject\Skydome\Skydome.h">
      <Filter>Header Files\Object\GameObject\Skydome</Filter>
    </ClInclude>
    <ClInclude Include="..\src\Object\GameObject\Boss\Boss.h">
      <Filter>Header Files\Object\GameObject\Boss</Filter>
    </ClInclude>
    <ClInclude Include="..\src\Object\GameObject\Boss\Bullet\Bullet.h">
      <Filter>Header Files\Object\GameObject\Boss\Bullet</Filter>
    </ClInclude>
    <ClInclude Include="..\src\Share\Share.h">
      <Filter>Header Files\Share</Filter>
    </ClInclude>
    <ClInclude Include="..\src\Object\GameObject\Obstacle\Particle\Particle.h">
      <Filter>Header Files\Object\GameObject\Obstacle\Particle</Filter>
    </ClInclude>
    <ClInclude Include="..\src\UI\UIs\DecrementTimeUI\DecrementTimeUI.h">
      <Filter>Ui\UIs</Filter>
    </ClInclude>
    <ClInclude Include="..\src\UI\UIs\IncrementTimeUI\IncrementTimeUI.h">
      <Filter>Ui\UIs</Filter>
    </ClInclude>
  </ItemGroup>
</Project>